
Microsoft Visual Studio Solution File, Format Version 12.00
# Visual Studio Version 17
VisualStudioVersion = 17.14.36408.4 d17.14
MinimumVisualStudioVersion = 10.0.40219.1
Project("{FAE04EC0-301F-11D3-BF4B-00C04F79EFBC}") = "SLHDotNetTrainingInPersonBatch1_1", "SLHDotNetTrainingInPersonBatch1_1\SLHDotNetTrainingInPersonBatch1_1.csproj", "{A1F5AC3A-A43E-46D9-961C-DD3334723F4C}"
EndProject
Project("{FAE04EC0-301F-11D3-BF4B-00C04F79EFBC}") = "SLHDotNetTrainingInPersonBatch1_1.ConsoleApp", "SLHDotNetTrainingInPersonBatch1_1.ConsoleApp\SLHDotNetTrainingInPersonBatch1_1.ConsoleApp.csproj", "{089B5BCE-9498-45B7-B7FB-3F584828F658}"
EndProject
Global
	GlobalSection(SolutionConfigurationPlatforms) = preSolution
		Debug|Any CPU = Debug|Any CPU
		Release|Any CPU = Release|Any CPU
	EndGlobalSection
	GlobalSection(ProjectConfigurationPlatforms) = postSolution
		{A1F5AC3A-A43E-46D9-961C-DD3334723F4C}.Debug|Any CPU.ActiveCfg = Debug|Any CPU
		{A1F5AC3A-A43E-46D9-961C-DD3334723F4C}.Debug|Any CPU.Build.0 = Debug|Any CPU
		{A1F5AC3A-A43E-46D9-961C-DD3334723F4C}.Release|Any CPU.ActiveCfg = Release|Any CPU
		{A1F5AC3A-A43E-46D9-961C-DD3334723F4C}.Release|Any CPU.Build.0 = Release|Any CPU
		{089B5BCE-9498-45B7-B7FB-3F584828F658}.Debug|Any CPU.ActiveCfg = Debug|Any CPU
		{089B5BCE-9498-45B7-B7FB-3F584828F658}.Debug|Any CPU.Build.0 = Debug|Any CPU
		{089B5BCE-9498-45B7-B7FB-3F584828F658}.Release|Any CPU.ActiveCfg = Release|Any CPU
		{089B5BCE-9498-45B7-B7FB-3F584828F658}.Release|Any CPU.Build.0 = Release|Any CPU
	EndGlobalSection
	GlobalSection(SolutionProperties) = preSolution
		HideSolutionNode = FALSE
	EndGlobalSection
	GlobalSection(ExtensibilityGlobals) = postSolution
		SolutionGuid = {85306B59-11A9-483A-B257-99FB87B80492}
	EndGlobalSection
EndGlobal
